{
  "name": "spacetime-template",
  "version": "1.0.0",
  "lockfileVersion": 3,
  "requires": true,
  "packages": {
    "": {
      "name": "spacetime-template",
      "version": "1.0.0",
      "license": "ISC",
      "dependencies": {
        "spacetimedb": "^1.11.0"
      }
    },
    "node_modules/base64-js": {
      "version": "1.5.1",
      "funding": [
        {
          "type": "github",
          "url": "https://github.com/sponsors/feross"
        },
        {
          "type": "patreon",
          "url": "https://www.patreon.com/feross"
        },
        {
          "type": "consulting",
          "url": "https://feross.org/support"
        }
      ],
      "license": "MIT"
    },
    "node_modules/fast-text-encoding": {
      "version": "1.0.6",
      "license": "Apache-2.0"
    },
    "node_modules/headers-polyfill": {
      "version": "4.0.3",
      "license": "MIT"
    },
    "node_modules/prettier": {
      "version": "3.8.1",
      "license": "MIT",
      "bin": {
        "prettier": "bin/prettier.cjs"
      },
      "engines": {
        "node": ">=14"
      },
      "funding": {
        "url": "https://github.com/prettier/prettier?sponsor=1"
      }
    },
    "node_modules/spacetimedb": {
      "version": "1.11.0",
      "resolved": "https://registry.npmjs.org/spacetimedb/-/spacetimedb-1.11.0.tgz",
      "integrity": "sha512-pDqC0dcUGxvYlsDuEiHG+Uv7xx2j6frwUan42h8cf0rc4kzcyvy/dEcRMbnVb46FGNAWMc7NcZhsLC1s4XuESw==",
      "license": "ISC",
      "dependencies": {
        "base64-js": "^1.5.1",
        "fast-text-encoding": "^1.0.0",
        "headers-polyfill": "^4.0.3",
        "prettier": "^3.3.3",
        "statuses": "^2.0.2",
        "url-polyfill": "^1.1.14"
      },
      "peerDependencies": {
        "react": "^18.0.0 || ^19.0.0-0 || ^19.0.0",
        "undici": "^6.19.2"
      },
      "peerDependenciesMeta": {
        "react": {
          "optional": true
        },
        "undici": {
          "optional": true
        }
      }
    },
    "node_modules/statuses": {
      "version": "2.0.2",
      "license": "MIT",
      "engines": {
        "node": ">= 0.8"
      }
    },
    "node_modules/url-polyfill": {
      "version": "1.1.14",
      "license": "MIT"
    }
  }
}
